// !$*UTF8*$!
{
	archiveVersion = 1;
	classes = {
	};
	objectVersion = 46;
	objects = {

/* Begin PBXBuildFile section */
		A7AAF7691B59ACEA008C5E6A /* main.cpp in Sources */ = {isa = PBXBuildFile; fileRef = A7AAF7681B59ACEA008C5E6A /* main.cpp */; };
		A7AAF76A1B59ADC6008C5E6A /* libvireo.a in Frameworks */ = {isa = PBXBuildFile; fileRef = A7AAF75B1B59AC8A008C5E6A /* libvireo.a */; };
		A7AAF76C1B59ADD2008C5E6A /* libiconv.dylib in Frameworks */ = {isa = PBXBuildFile; fileRef = A7AAF76B1B59ADD2008C5E6A /* libiconv.dylib */; };
		A7AAF7701B59AEC8008C5E6A /* test_common.cpp in Sources */ = {isa = PBXBuildFile; fileRef = A7AAF76F1B59AEC8008C5E6A /* test_common.cpp */; };
/* End PBXBuildFile section */

/* Begin PBXContainerItemProxy section */
		A7AAF75A1B59AC8A008C5E6A /* PBXContainerItemProxy */ = {
			isa = PBXContainerItemProxy;
			containerPortal = A7AAF7491B59AC8A008C5E6A /* vireo.xcodeproj */;
			proxyType = 2;
			remoteGlobalIDString = E6B5EE5A18B8141D005E69A9;
			remoteInfo = vireo;
		};
		A7AAF75C1B59AC8A008C5E6A /* PBXContainerItemProxy */ = {
			isa = PBXContainerItemProxy;
			containerPortal = A7AAF7491B59AC8A008C5E6A /* vireo.xcodeproj */;
			proxyType = 2;
			remoteGlobalIDString = E6D7FD3318BD5AA500920A7E;
			remoteInfo = "vireo Tests";
		};
		A7AAF7641B59AC8A008C5E6A /* PBXContainerItemProxy */ = {
			isa = PBXContainerItemProxy;
			containerPortal = A7AAF7491B59AC8A008C5E6A /* vireo.xcodeproj */;
			proxyType = 2;
			remoteGlobalIDString = E6E2D77D18E3B5B10019364D;
			remoteInfo = "vireo-scala";
		};
		A7AAF76D1B59ADE8008C5E6A /* PBXContainerItemProxy */ = {
			isa = PBXContainerItemProxy;
			containerPortal = A7AAF7491B59AC8A008C5E6A /* vireo.xcodeproj */;
			proxyType = 1;
			remoteGlobalIDString = E6B5EE5918B8141D005E69A9;
			remoteInfo = vireo;
		};
/* End PBXContainerItemProxy section */

/* Begin PBXCopyFilesBuildPhase section */
		A71CBD131B59AC4E00E00E5D /* CopyFiles */ = {
			isa = PBXCopyFilesBuildPhase;
			buildActionMask = 2147483647;
			dstPath = /usr/share/man/man1/;
			dstSubfolderSpec = 0;
			files = (
			);
			runOnlyForDeploymentPostprocessing = 1;
		};
/* End PBXCopyFilesBuildPhase section */

/* Begin PBXFileReference section */
		A71CBD151B59AC4E00E00E5D /* remux */ = {isa = PBXFileReference; explicitFileType = "compiled.mach-o.executable"; includeInIndex = 0; path = remux; sourceTree = BUILT_PRODUCTS_DIR; };
		A7AAF7491B59AC8A008C5E6A /* vireo.xcodeproj */ = {isa = PBXFileReference; lastKnownFileType = "wrapper.pb-project"; name = vireo.xcodeproj; path = ../../vireo.xcodeproj; sourceTree = "<group>"; };
		A7AAF7681B59ACEA008C5E6A /* main.cpp */ = {isa = PBXFileReference; fileEncoding = 4; lastKnownFileType = sourcecode.cpp.cpp; path = main.cpp; sourceTree = "<group>"; };
		A7AAF76B1B59ADD2008C5E6A /* libiconv.dylib */ = {isa = PBXFileReference; lastKnownFileType = "compiled.mach-o.dylib"; name = libiconv.dylib; path = usr/lib/libiconv.dylib; sourceTree = SDKROOT; };
		A7AAF76F1B59AEC8008C5E6A /* test_common.cpp */ = {isa = PBXFileReference; lastKnownFileType = sourcecode.cpp.cpp; name = test_common.cpp; path = ../../tests/test_common.cpp; sourceTree = "<group>"; };
/* End PBXFileReference section */

/* Begin PBXFrameworksBuildPhase section */
		A71CBD121B59AC4E00E00E5D /* Frameworks */ = {
			isa = PBXFrameworksBuildPhase;
			buildActionMask = 2147483647;
			files = (
				A7AAF76A1B59ADC6008C5E6A /* libvireo.a in Frameworks */,
				A7AAF76C1B59ADD2008C5E6A /* libiconv.dylib in Frameworks */,
			);
			runOnlyForDeploymentPostprocessing = 0;
		};
/* End PBXFrameworksBuildPhase section */

/* Begin PBXGroup section */
		A71CBD0C1B59AC4E00E00E5D = {
			isa = PBXGroup;
			children = (
				A7AAF76F1B59AEC8008C5E6A /* test_common.cpp */,
				A7AAF76B1B59ADD2008C5E6A /* libiconv.dylib */,
				A7AAF7681B59ACEA008C5E6A /* main.cpp */,
				A7AAF7491B59AC8A008C5E6A /* vireo.xcodeproj */,
				A71CBD161B59AC4E00E00E5D /* Products */,
			);
			sourceTree = "<group>";
		};
		A71CBD161B59AC4E00E00E5D /* Products */ = {
			isa = PBXGroup;
			children = (
				A71CBD151B59AC4E00E00E5D /* remux */,
			);
			name = Products;
			sourceTree = "<group>";
		};
		A7AAF74A1B59AC8A008C5E6A /* Products */ = {
			isa = PBXGroup;
			children = (
				A7AAF75B1B59AC8A008C5E6A /* libvireo.a */,
				A7AAF75D1B59AC8A008C5E6A /* vireo Tests.xctest */,
				A7AAF7651B59AC8A008C5E6A /* libvireo-scala.dylib */,
			);
			name = Products;
			sourceTree = "<group>";
		};
/* End PBXGroup section */

/* Begin PBXNativeTarget section */
		A71CBD141B59AC4E00E00E5D /* remux */ = {
			isa = PBXNativeTarget;
			buildConfigurationList = A71CBD1C1B59AC4E00E00E5D /* Build configuration list for PBXNativeTarget "remux" */;
			buildPhases = (
				A71CBD111B59AC4E00E00E5D /* Sources */,
				A71CBD121B59AC4E00E00E5D /* Frameworks */,
				A71CBD131B59AC4E00E00E5D /* CopyFiles */,
			);
			buildRules = (
			);
			dependencies = (
				A7AAF76E1B59ADE8008C5E6A /* PBXTargetDependency */,
			);
			name = remux;
			productName = remux;
			productReference = A71CBD151B59AC4E00E00E5D /* remux */;
			productType = "com.apple.product-type.tool";
		};
/* End PBXNativeTarget section */

/* Begin PBXProject section */
		A71CBD0D1B59AC4E00E00E5D /* Project object */ = {
			isa = PBXProject;
			attributes = {
				LastUpgradeCheck = 0630;
				ORGANIZATIONNAME = Twitter;
				TargetAttributes = {
					A71CBD141B59AC4E00E00E5D = {
						CreatedOnToolsVersion = 6.3.2;
					};
				};
			};
			buildConfigurationList = A71CBD101B59AC4E00E00E5D /* Build configuration list for PBXProject "remux" */;
			compatibilityVersion = "Xcode 3.2";
			developmentRegion = English;
			hasScannedForEncodings = 0;
			knownRegions = (
				en,
			);
			mainGroup = A71CBD0C1B59AC4E00E00E5D;
			productRefGroup = A71CBD161B59AC4E00E00E5D /* Products */;
			projectDirPath = "";
			projectReferences = (
				{
					ProductGroup = A7AAF74A1B59AC8A008C5E6A /* Products */;
					ProjectRef = A7AAF7491B59AC8A008C5E6A /* vireo.xcodeproj */;
				},
			);
			projectRoot = "";
			targets = (
				A71CBD141B59AC4E00E00E5D /* remux */,
			);
		};
/* End PBXProject section */

/* Begin PBXReferenceProxy section */
		A7AAF75B1B59AC8A008C5E6A /* libvireo.a */ = {
			isa = PBXReferenceProxy;
			fileType = archive.ar;
			path = libvireo.a;
			remoteRef = A7AAF75A1B59AC8A008C5E6A /* PBXContainerItemProxy */;
			sourceTree = BUILT_PRODUCTS_DIR;
		};
		A7AAF75D1B59AC8A008C5E6A /* vireo Tests.xctest */ = {
			isa = PBXReferenceProxy;
			fileType = wrapper.cfbundle;
			path = "vireo Tests.xctest";
			remoteRef = A7AAF75C1B59AC8A008C5E6A /* PBXContainerItemProxy */;
			sourceTree = BUILT_PRODUCTS_DIR;
		};
		A7AAF7651B59AC8A008C5E6A /* libvireo-scala.dylib */ = {
			isa = PBXReferenceProxy;
			fileType = "compiled.mach-o.dylib";
			path = "libvireo-scala.dylib";
			remoteRef = A7AAF7641B59AC8A008C5E6A /* PBXContainerItemProxy */;
			sourceTree = BUILT_PRODUCTS_DIR;
		};
/* End PBXReferenceProxy section */

/* Begin PBXSourcesBuildPhase section */
		A71CBD111B59AC4E00E00E5D /* Sources */ = {
			isa = PBXSourcesBuildPhase;
			buildActionMask = 2147483647;
			files = (
				A7AAF7701B59AEC8008C5E6A /* test_common.cpp in Sources */,
				A7AAF7691B59ACEA008C5E6A /* main.cpp in Sources */,
			);
			runOnlyForDeploymentPostprocessing = 0;
		};
/* End PBXSourcesBuildPhase section */

/* Begin PBXTargetDependency section */
		A7AAF76E1B59ADE8008C5E6A /* PBXTargetDependency */ = {
			isa = PBXTargetDependency;
			name = vireo;
			targetProxy = A7AAF76D1B59ADE8008C5E6A /* PBXContainerItemProxy */;
		};
/* End PBXTargetDependency section */

/* Begin XCBuildConfiguration section */
		A71CBD1A1B59AC4E00E00E5D /* Debug */ = {
			isa = XCBuildConfiguration;
			buildSettings = {
				ALWAYS_SEARCH_USER_PATHS = NO;
				CLANG_CXX_LANGUAGE_STANDARD = "gnu++0x";
				CLANG_CXX_LIBRARY = "libc++";
				CLANG_ENABLE_MODULES = YES;
				CLANG_ENABLE_OBJC_ARC = YES;
				CLANG_WARN_BOOL_CONVERSION = YES;
				CLANG_WARN_CONSTANT_CONVERSION = YES;
				CLANG_WARN_DIRECT_OBJC_ISA_USAGE = YES_ERROR;
				CLANG_WARN_EMPTY_BODY = YES;
				CLANG_WARN_ENUM_CONVERSION = YES;
				CLANG_WARN_INT_CONVERSION = YES;
				CLANG_WARN_OBJC_ROOT_CLASS = YES_ERROR;
				CLANG_WARN_UNREACHABLE_CODE = YES;
				CLANG_WARN__DUPLICATE_METHOD_MATCH = YES;
				COPY_PHASE_STRIP = NO;
				DEBUG_INFORMATION_FORMAT = dwarf;
				ENABLE_STRICT_OBJC_MSGSEND = YES;
				GCC_C_LANGUAGE_STANDARD = gnu99;
				GCC_DYNAMIC_NO_PIC = NO;
				GCC_NO_COMMON_BLOCKS = YES;
				GCC_OPTIMIZATION_LEVEL = 0;
				GCC_PREPROCESSOR_DEFINITIONS = (
					"DEBUG=1",
					"$(inherited)",
				);
				GCC_SYMBOLS_PRIVATE_EXTERN = NO;
				GCC_WARN_64_TO_32_BIT_CONVERSION = YES;
				GCC_WARN_ABOUT_RETURN_TYPE = YES_ERROR;
				GCC_WARN_UNDECLARED_SELECTOR = YES;
				GCC_WARN_UNINITIALIZED_AUTOS = YES_AGGRESSIVE;
				GCC_WARN_UNUSED_FUNCTION = YES;
				GCC_WARN_UNUSED_VARIABLE = YES;
				MTL_ENABLE_DEBUG_INFO = YES;
				ONLY_ACTIVE_ARCH = YES;
				USER_HEADER_SEARCH_PATHS = "$SRCROOT $SRCROOT/../../.. $SRCROOT/../../../thirdparty/include";
			};
			name = Debug;
		};
		A71CBD1B1B59AC4E00E00E5D /* Release */ = {
			isa = XCBuildConfiguration;
			buildSettings = {
				ALWAYS_SEARCH_USER_PATHS = NO;
				CLANG_CXX_LANGUAGE_STANDARD = "gnu++0x";
				CLANG_CXX_LIBRARY = "libc++";
				CLANG_ENABLE_MODULES = YES;
				CLANG_ENABLE_OBJC_ARC = YES;
				CLANG_WARN_BOOL_CONVERSION = YES;
				CLANG_WARN_CONSTANT_CONVERSION = YES;
				CLANG_WARN_DIRECT_OBJC_ISA_USAGE = YES_ERROR;
				CLANG_WARN_EMPTY_BODY = YES;
				CLANG_WARN_ENUM_CONVERSION = YES;
				CLANG_WARN_INT_CONVERSION = YES;
				CLANG_WARN_OBJC_ROOT_CLASS = YES_ERROR;
				CLANG_WARN_UNREACHABLE_CODE = YES;
				CLANG_WARN__DUPLICATE_METHOD_MATCH = YES;
				COPY_PHASE_STRIP = NO;
				DEBUG_INFORMATION_FORMAT = "dwarf-with-dsym";
				ENABLE_NS_ASSERTIONS = NO;
				ENABLE_STRICT_OBJC_MSGSEND = YES;
				GCC_C_LANGUAGE_STANDARD = gnu99;
				GCC_NO_COMMON_BLOCKS = YES;
				GCC_WARN_64_TO_32_BIT_CONVERSION = YES;
				GCC_WARN_ABOUT_RETURN_TYPE = YES_ERROR;
				GCC_WARN_UNDECLARED_SELECTOR = YES;
				GCC_WARN_UNINITIALIZED_AUTOS = YES_AGGRESSIVE;
				GCC_WARN_UNUSED_FUNCTION = YES;
				GCC_WARN_UNUSED_VARIABLE = YES;
				MTL_ENABLE_DEBUG_INFO = NO;
				USER_HEADER_SEARCH_PATHS = "$SRCROOT $SRCROOT/../../.. $SRCROOT/../../../thirdparty/include";
			};
			name = Release;
		};
		A71CBD1D1B59AC4E00E00E5D /* Debug */ = {
			isa = XCBuildConfiguration;
			buildSettings = {
				PRODUCT_NAME = "$(TARGET_NAME)";
			};
			name = Debug;
		};
		A71CBD1E1B59AC4E00E00E5D /* Release */ = {
			isa = XCBuildConfiguration;
			buildSettings = {
				PRODUCT_NAME = "$(TARGET_NAME)";
			};
			name = Release;
		};
/* End XCBuildConfiguration section */

/* Begin XCConfigurationList section */
		A71CBD101B59AC4E00E00E5D /* Build configuration list for PBXProject "remux" */ = {
			isa = XCConfigurationList;
			buildConfigurations = (
				A71CBD1A1B59AC4E00E00E5D /* Debug */,
				A71CBD1B1B59AC4E00E00E5D /* Release */,
			);
			defaultConfigurationIsVisible = 0;
			defaultConfigurationName = Release;
		};
		A71CBD1C1B59AC4E00E00E5D /* Build configuration list for PBXNativeTarget "remux" */ = {
			isa = XCConfigurationList;
			buildConfigurations = (
				A71CBD1D1B59AC4E00E00E5D /* Debug */,
				A71CBD1E1B59AC4E00E00E5D /* Release */,
			);
			defaultConfigurationIsVisible = 0;
			defaultConfigurationName = Release;
		};
/* End XCConfigurationList section */
	};
	rootObject = A71CBD0D1B59AC4E00E00E5D /* Project object */;
}
