// !$*UTF8*$!
{
	archiveVersion = 1;
	classes = {
	};
	objectVersion = 46;
	objects = {

/* Begin PBXBuildFile section */
		A7B360D21C406044000AD096 /* libvireo.a in Frameworks */ = {isa = PBXBuildFile; fileRef = A7B360CB1C406010000AD096 /* libvireo.a */; };
		A7B360DB1C406269000AD096 /* main.cpp in Sources */ = {isa = PBXBuildFile; fileRef = A7B360DA1C406269000AD096 /* main.cpp */; };
		A7B360DD1C409680000AD096 /* libiconv.dylib in Frameworks */ = {isa = PBXBuildFile; fileRef = A7B360DC1C409680000AD096 /* libiconv.dylib */; };
/* End PBXBuildFile section */

/* Begin PBXContainerItemProxy section */
		A7B360CA1C406010000AD096 /* PBXContainerItemProxy */ = {
			isa = PBXContainerItemProxy;
			containerPortal = A7B360C11C406010000AD096 /* vireo.xcodeproj */;
			proxyType = 2;
			remoteGlobalIDString = E6B5EE5A18B8141D005E69A9;
			remoteInfo = vireo;
		};
		A7B360CC1C406010000AD096 /* PBXContainerItemProxy */ = {
			isa = PBXContainerItemProxy;
			containerPortal = A7B360C11C406010000AD096 /* vireo.xcodeproj */;
			proxyType = 2;
			remoteGlobalIDString = E6D7FD3318BD5AA500920A7E;
			remoteInfo = "vireo Tests";
		};
		A7B360CE1C406010000AD096 /* PBXContainerItemProxy */ = {
			isa = PBXContainerItemProxy;
			containerPortal = A7B360C11C406010000AD096 /* vireo.xcodeproj */;
			proxyType = 2;
			remoteGlobalIDString = E6E2D77D18E3B5B10019364D;
			remoteInfo = "vireo-scala";
		};
		A7B360D01C40602F000AD096 /* PBXContainerItemProxy */ = {
			isa = PBXContainerItemProxy;
			containerPortal = A7B360C11C406010000AD096 /* vireo.xcodeproj */;
			proxyType = 1;
			remoteGlobalIDString = E6B5EE5918B8141D005E69A9;
			remoteInfo = vireo;
		};
/* End PBXContainerItemProxy section */

/* Begin PBXCopyFilesBuildPhase section */
		A7B360B51C405FFB000AD096 /* CopyFiles */ = {
			isa = PBXCopyFilesBuildPhase;
			buildActionMask = 2147483647;
			dstPath = /usr/share/man/man1/;
			dstSubfolderSpec = 0;
			files = (
			);
			runOnlyForDeploymentPostprocessing = 1;
		};
/* End PBXCopyFilesBuildPhase section */

/* Begin PBXFileReference section */
		A7B360B71C405FFB000AD096 /* unchunk */ = {isa = PBXFileReference; explicitFileType = "compiled.mach-o.executable"; includeInIndex = 0; path = unchunk; sourceTree = BUILT_PRODUCTS_DIR; };
		A7B360C11C406010000AD096 /* vireo.xcodeproj */ = {isa = PBXFileReference; lastKnownFileType = "wrapper.pb-project"; name = vireo.xcodeproj; path = ../../vireo.xcodeproj; sourceTree = "<group>"; };
		A7B360DA1C406269000AD096 /* main.cpp */ = {isa = PBXFileReference; fileEncoding = 4; lastKnownFileType = sourcecode.cpp.cpp; path = main.cpp; sourceTree = "<group>"; };
		A7B360DC1C409680000AD096 /* libiconv.dylib */ = {isa = PBXFileReference; lastKnownFileType = "compiled.mach-o.dylib"; name = libiconv.dylib; path = usr/lib/libiconv.dylib; sourceTree = SOURCE_ROOT; };
/* End PBXFileReference section */

/* Begin PBXFrameworksBuildPhase section */
		A7B360B41C405FFB000AD096 /* Frameworks */ = {
			isa = PBXFrameworksBuildPhase;
			buildActionMask = 2147483647;
			files = (
				A7B360DD1C409680000AD096 /* libiconv.dylib in Frameworks */,
				A7B360D21C406044000AD096 /* libvireo.a in Frameworks */,
			);
			runOnlyForDeploymentPostprocessing = 0;
		};
/* End PBXFrameworksBuildPhase section */

/* Begin PBXGroup section */
		A7B360AE1C405FFB000AD096 = {
			isa = PBXGroup;
			children = (
				A7B360DA1C406269000AD096 /* main.cpp */,
				A7B360DC1C409680000AD096 /* libiconv.dylib */,
				A7B360C11C406010000AD096 /* vireo.xcodeproj */,
				A7B360B81C405FFB000AD096 /* Products */,
			);
			sourceTree = "<group>";
		};
		A7B360B81C405FFB000AD096 /* Products */ = {
			isa = PBXGroup;
			children = (
				A7B360B71C405FFB000AD096 /* unchunk */,
			);
			name = Products;
			sourceTree = "<group>";
		};
		A7B360C21C406010000AD096 /* Products */ = {
			isa = PBXGroup;
			children = (
				A7B360CB1C406010000AD096 /* libvireo.a */,
				A7B360CD1C406010000AD096 /* vireo Tests.xctest */,
				A7B360CF1C406010000AD096 /* libvireo-scala.dylib */,
			);
			name = Products;
			sourceTree = "<group>";
		};
/* End PBXGroup section */

/* Begin PBXNativeTarget section */
		A7B360B61C405FFB000AD096 /* unchunk */ = {
			isa = PBXNativeTarget;
			buildConfigurationList = A7B360BE1C405FFB000AD096 /* Build configuration list for PBXNativeTarget "unchunk" */;
			buildPhases = (
				A7B360B31C405FFB000AD096 /* Sources */,
				A7B360B41C405FFB000AD096 /* Frameworks */,
				A7B360B51C405FFB000AD096 /* CopyFiles */,
			);
			buildRules = (
			);
			dependencies = (
				A7B360D11C40602F000AD096 /* PBXTargetDependency */,
			);
			name = unchunk;
			productName = unchunk;
			productReference = A7B360B71C405FFB000AD096 /* unchunk */;
			productType = "com.apple.product-type.tool";
		};
/* End PBXNativeTarget section */

/* Begin PBXProject section */
		A7B360AF1C405FFB000AD096 /* Project object */ = {
			isa = PBXProject;
			attributes = {
				LastUpgradeCheck = 0720;
				ORGANIZATIONNAME = Twitter;
				TargetAttributes = {
					A7B360B61C405FFB000AD096 = {
						CreatedOnToolsVersion = 7.2;
					};
				};
			};
			buildConfigurationList = A7B360B21C405FFB000AD096 /* Build configuration list for PBXProject "unchunk" */;
			compatibilityVersion = "Xcode 3.2";
			developmentRegion = English;
			hasScannedForEncodings = 0;
			knownRegions = (
				en,
			);
			mainGroup = A7B360AE1C405FFB000AD096;
			productRefGroup = A7B360B81C405FFB000AD096 /* Products */;
			projectDirPath = "";
			projectReferences = (
				{
					ProductGroup = A7B360C21C406010000AD096 /* Products */;
					ProjectRef = A7B360C11C406010000AD096 /* vireo.xcodeproj */;
				},
			);
			projectRoot = "";
			targets = (
				A7B360B61C405FFB000AD096 /* unchunk */,
			);
		};
/* End PBXProject section */

/* Begin PBXReferenceProxy section */
		A7B360CB1C406010000AD096 /* libvireo.a */ = {
			isa = PBXReferenceProxy;
			fileType = archive.ar;
			path = libvireo.a;
			remoteRef = A7B360CA1C406010000AD096 /* PBXContainerItemProxy */;
			sourceTree = BUILT_PRODUCTS_DIR;
		};
		A7B360CD1C406010000AD096 /* vireo Tests.xctest */ = {
			isa = PBXReferenceProxy;
			fileType = wrapper.cfbundle;
			path = "vireo Tests.xctest";
			remoteRef = A7B360CC1C406010000AD096 /* PBXContainerItemProxy */;
			sourceTree = BUILT_PRODUCTS_DIR;
		};
		A7B360CF1C406010000AD096 /* libvireo-scala.dylib */ = {
			isa = PBXReferenceProxy;
			fileType = "compiled.mach-o.dylib";
			path = "libvireo-scala.dylib";
			remoteRef = A7B360CE1C406010000AD096 /* PBXContainerItemProxy */;
			sourceTree = BUILT_PRODUCTS_DIR;
		};
/* End PBXReferenceProxy section */

/* Begin PBXSourcesBuildPhase section */
		A7B360B31C405FFB000AD096 /* Sources */ = {
			isa = PBXSourcesBuildPhase;
			buildActionMask = 2147483647;
			files = (
				A7B360DB1C406269000AD096 /* main.cpp in Sources */,
			);
			runOnlyForDeploymentPostprocessing = 0;
		};
/* End PBXSourcesBuildPhase section */

/* Begin PBXTargetDependency section */
		A7B360D11C40602F000AD096 /* PBXTargetDependency */ = {
			isa = PBXTargetDependency;
			name = vireo;
			targetProxy = A7B360D01C40602F000AD096 /* PBXContainerItemProxy */;
		};
/* End PBXTargetDependency section */

/* Begin XCBuildConfiguration section */
		A7B360BC1C405FFB000AD096 /* Debug */ = {
			isa = XCBuildConfiguration;
			buildSettings = {
				ALWAYS_SEARCH_USER_PATHS = NO;
				CLANG_CXX_LANGUAGE_STANDARD = "gnu++0x";
				CLANG_CXX_LIBRARY = "libc++";
				CLANG_ENABLE_MODULES = YES;
				CLANG_ENABLE_OBJC_ARC = YES;
				CLANG_WARN_BOOL_CONVERSION = YES;
				CLANG_WARN_CONSTANT_CONVERSION = YES;
				CLANG_WARN_DIRECT_OBJC_ISA_USAGE = YES_ERROR;
				CLANG_WARN_EMPTY_BODY = YES;
				CLANG_WARN_ENUM_CONVERSION = YES;
				CLANG_WARN_INT_CONVERSION = YES;
				CLANG_WARN_OBJC_ROOT_CLASS = YES_ERROR;
				CLANG_WARN_UNREACHABLE_CODE = YES;
				CLANG_WARN__DUPLICATE_METHOD_MATCH = YES;
				CODE_SIGN_IDENTITY = "-";
				COPY_PHASE_STRIP = NO;
				DEBUG_INFORMATION_FORMAT = dwarf;
				ENABLE_STRICT_OBJC_MSGSEND = YES;
				ENABLE_TESTABILITY = YES;
				GCC_C_LANGUAGE_STANDARD = gnu99;
				GCC_DYNAMIC_NO_PIC = NO;
				GCC_NO_COMMON_BLOCKS = YES;
				GCC_OPTIMIZATION_LEVEL = 0;
				GCC_PREPROCESSOR_DEFINITIONS = (
					"DEBUG=1",
					"$(inherited)",
				);
				GCC_WARN_64_TO_32_BIT_CONVERSION = YES;
				GCC_WARN_ABOUT_RETURN_TYPE = YES_ERROR;
				GCC_WARN_UNDECLARED_SELECTOR = YES;
				GCC_WARN_UNINITIALIZED_AUTOS = YES_AGGRESSIVE;
				GCC_WARN_UNUSED_FUNCTION = YES;
				GCC_WARN_UNUSED_VARIABLE = YES;
				MACOSX_DEPLOYMENT_TARGET = 10.10;
				MTL_ENABLE_DEBUG_INFO = YES;
				ONLY_ACTIVE_ARCH = YES;
				SDKROOT = macosx;
				USER_HEADER_SEARCH_PATHS = "$SRCROOT $SRCROOT/../../.. $SRCROOT/../../../thirdparty/include";
			};
			name = Debug;
		};
		A7B360BD1C405FFB000AD096 /* Release */ = {
			isa = XCBuildConfiguration;
			buildSettings = {
				ALWAYS_SEARCH_USER_PATHS = NO;
				CLANG_CXX_LANGUAGE_STANDARD = "gnu++0x";
				CLANG_CXX_LIBRARY = "libc++";
				CLANG_ENABLE_MODULES = YES;
				CLANG_ENABLE_OBJC_ARC = YES;
				CLANG_WARN_BOOL_CONVERSION = YES;
				CLANG_WARN_CONSTANT_CONVERSION = YES;
				CLANG_WARN_DIRECT_OBJC_ISA_USAGE = YES_ERROR;
				CLANG_WARN_EMPTY_BODY = YES;
				CLANG_WARN_ENUM_CONVERSION = YES;
				CLANG_WARN_INT_CONVERSION = YES;
				CLANG_WARN_OBJC_ROOT_CLASS = YES_ERROR;
				CLANG_WARN_UNREACHABLE_CODE = YES;
				CLANG_WARN__DUPLICATE_METHOD_MATCH = YES;
				CODE_SIGN_IDENTITY = "-";
				COPY_PHASE_STRIP = NO;
				DEBUG_INFORMATION_FORMAT = "dwarf-with-dsym";
				ENABLE_NS_ASSERTIONS = NO;
				ENABLE_STRICT_OBJC_MSGSEND = YES;
				GCC_C_LANGUAGE_STANDARD = gnu99;
				GCC_NO_COMMON_BLOCKS = YES;
				GCC_WARN_64_TO_32_BIT_CONVERSION = YES;
				GCC_WARN_ABOUT_RETURN_TYPE = YES_ERROR;
				GCC_WARN_UNDECLARED_SELECTOR = YES;
				GCC_WARN_UNINITIALIZED_AUTOS = YES_AGGRESSIVE;
				GCC_WARN_UNUSED_FUNCTION = YES;
				GCC_WARN_UNUSED_VARIABLE = YES;
				MACOSX_DEPLOYMENT_TARGET = 10.10;
				MTL_ENABLE_DEBUG_INFO = NO;
				SDKROOT = macosx;
				USER_HEADER_SEARCH_PATHS = "$SRCROOT $SRCROOT/../../.. $SRCROOT/../../../thirdparty/include";
			};
			name = Release;
		};
		A7B360BF1C405FFB000AD096 /* Debug */ = {
			isa = XCBuildConfiguration;
			buildSettings = {
				LIBRARY_SEARCH_PATHS = "$(inherited)";
				PRODUCT_NAME = "$(TARGET_NAME)";
			};
			name = Debug;
		};
		A7B360C01C405FFB000AD096 /* Release */ = {
			isa = XCBuildConfiguration;
			buildSettings = {
				LIBRARY_SEARCH_PATHS = "$(inherited)";
				PRODUCT_NAME = "$(TARGET_NAME)";
			};
			name = Release;
		};
/* End XCBuildConfiguration section */

/* Begin XCConfigurationList section */
		A7B360B21C405FFB000AD096 /* Build configuration list for PBXProject "unchunk" */ = {
			isa = XCConfigurationList;
			buildConfigurations = (
				A7B360BC1C405FFB000AD096 /* Debug */,
				A7B360BD1C405FFB000AD096 /* Release */,
			);
			defaultConfigurationIsVisible = 0;
			defaultConfigurationName = Release;
		};
		A7B360BE1C405FFB000AD096 /* Build configuration list for PBXNativeTarget "unchunk" */ = {
			isa = XCConfigurationList;
			buildConfigurations = (
				A7B360BF1C405FFB000AD096 /* Debug */,
				A7B360C01C405FFB000AD096 /* Release */,
			);
			defaultConfigurationIsVisible = 0;
			defaultConfigurationName = Release;
		};
/* End XCConfigurationList section */
	};
	rootObject = A7B360AF1C405FFB000AD096 /* Project object */;
}
