// !$*UTF8*$!
{
	archiveVersion = 1;
	classes = {
	};
	objectVersion = 46;
	objects = {

/* Begin PBXBuildFile section */
		A7AA5C2E1B04239800AB5C92 /* libiconv.dylib in Frameworks */ = {isa = PBXBuildFile; fileRef = A7AA5C2D1B04239800AB5C92 /* libiconv.dylib */; };
		E6B45FB01909D7600045B249 /* libvireo.a in Frameworks */ = {isa = PBXBuildFile; fileRef = E6B45FA31909D7510045B249 /* libvireo.a */; };
		E6BCEC8B18F473CA0045C101 /* main.cpp in Sources */ = {isa = PBXBuildFile; fileRef = E6BCEC8A18F473CA0045C101 /* main.cpp */; };
/* End PBXBuildFile section */

/* Begin PBXContainerItemProxy section */
		E6B45FA21909D7510045B249 /* PBXContainerItemProxy */ = {
			isa = PBXContainerItemProxy;
			containerPortal = E6B45F971909D7510045B249 /* vireo.xcodeproj */;
			proxyType = 2;
			remoteGlobalIDString = E6B5EE5A18B8141D005E69A9;
			remoteInfo = vireo;
		};
		E6B45FA61909D7510045B249 /* PBXContainerItemProxy */ = {
			isa = PBXContainerItemProxy;
			containerPortal = E6B45F971909D7510045B249 /* vireo.xcodeproj */;
			proxyType = 2;
			remoteGlobalIDString = E6E2D77D18E3B5B10019364D;
			remoteInfo = "vireo-scala";
		};
		E6B45FA81909D7510045B249 /* PBXContainerItemProxy */ = {
			isa = PBXContainerItemProxy;
			containerPortal = E6B45F971909D7510045B249 /* vireo.xcodeproj */;
			proxyType = 2;
			remoteGlobalIDString = E6D7FD3318BD5AA500920A7E;
			remoteInfo = "vireo Tests";
		};
		E6B45FAE1909D75A0045B249 /* PBXContainerItemProxy */ = {
			isa = PBXContainerItemProxy;
			containerPortal = E6B45F971909D7510045B249 /* vireo.xcodeproj */;
			proxyType = 1;
			remoteGlobalIDString = E6B5EE5918B8141D005E69A9;
			remoteInfo = vireo;
		};
/* End PBXContainerItemProxy section */

/* Begin PBXCopyFilesBuildPhase section */
		E6BCEC8518F473CA0045C101 /* CopyFiles */ = {
			isa = PBXCopyFilesBuildPhase;
			buildActionMask = 2147483647;
			dstPath = /usr/share/man/man1/;
			dstSubfolderSpec = 0;
			files = (
			);
			runOnlyForDeploymentPostprocessing = 1;
		};
/* End PBXCopyFilesBuildPhase section */

/* Begin PBXFileReference section */
		A7AA5C2D1B04239800AB5C92 /* libiconv.dylib */ = {isa = PBXFileReference; lastKnownFileType = "compiled.mach-o.dylib"; name = libiconv.dylib; path = usr/lib/libiconv.dylib; sourceTree = SDKROOT; };
		E6B45F971909D7510045B249 /* vireo.xcodeproj */ = {isa = PBXFileReference; lastKnownFileType = "wrapper.pb-project"; name = vireo.xcodeproj; path = ../../vireo.xcodeproj; sourceTree = "<group>"; };
		E6BCEC8718F473CA0045C101 /* frames */ = {isa = PBXFileReference; explicitFileType = "compiled.mach-o.executable"; includeInIndex = 0; path = frames; sourceTree = BUILT_PRODUCTS_DIR; };
		E6BCEC8A18F473CA0045C101 /* main.cpp */ = {isa = PBXFileReference; lastKnownFileType = sourcecode.cpp.cpp; path = main.cpp; sourceTree = "<group>"; };
		E6BCEC9A18F474900045C101 /* debug.xcconfig */ = {isa = PBXFileReference; lastKnownFileType = text.xcconfig; path = debug.xcconfig; sourceTree = "<group>"; };
		E6BCEC9B18F474900045C101 /* release.xcconfig */ = {isa = PBXFileReference; lastKnownFileType = text.xcconfig; path = release.xcconfig; sourceTree = "<group>"; };
/* End PBXFileReference section */

/* Begin PBXFrameworksBuildPhase section */
		E6BCEC8418F473CA0045C101 /* Frameworks */ = {
			isa = PBXFrameworksBuildPhase;
			buildActionMask = 2147483647;
			files = (
				E6B45FB01909D7600045B249 /* libvireo.a in Frameworks */,
				A7AA5C2E1B04239800AB5C92 /* libiconv.dylib in Frameworks */,
			);
			runOnlyForDeploymentPostprocessing = 0;
		};
/* End PBXFrameworksBuildPhase section */

/* Begin PBXGroup section */
		E6B45F981909D7510045B249 /* Products */ = {
			isa = PBXGroup;
			children = (
				E6B45FA31909D7510045B249 /* libvireo.a */,
				E6B45FA91909D7510045B249 /* vireo Tests.xctest */,
				E6B45FA71909D7510045B249 /* libvireo-scala.dylib */,
			);
			name = Products;
			sourceTree = "<group>";
		};
		E6BCEC7E18F473CA0045C101 = {
			isa = PBXGroup;
			children = (
				A7AA5C2D1B04239800AB5C92 /* libiconv.dylib */,
				E6B45F971909D7510045B249 /* vireo.xcodeproj */,
				E6BCEC8A18F473CA0045C101 /* main.cpp */,
				E6BCEC8818F473CA0045C101 /* products */,
				E6BCEC9918F474900045C101 /* xcconfigs */,
			);
			sourceTree = "<group>";
		};
		E6BCEC8818F473CA0045C101 /* products */ = {
			isa = PBXGroup;
			children = (
				E6BCEC8718F473CA0045C101 /* frames */,
			);
			name = products;
			sourceTree = "<group>";
		};
		E6BCEC9918F474900045C101 /* xcconfigs */ = {
			isa = PBXGroup;
			children = (
				E6BCEC9A18F474900045C101 /* debug.xcconfig */,
				E6BCEC9B18F474900045C101 /* release.xcconfig */,
			);
			name = xcconfigs;
			path = ../../xcconfigs;
			sourceTree = "<group>";
		};
/* End PBXGroup section */

/* Begin PBXNativeTarget section */
		E6BCEC8618F473CA0045C101 /* frames */ = {
			isa = PBXNativeTarget;
			buildConfigurationList = E6BCEC9018F473CA0045C101 /* Build configuration list for PBXNativeTarget "frames" */;
			buildPhases = (
				E6BCEC8318F473CA0045C101 /* Sources */,
				E6BCEC8418F473CA0045C101 /* Frameworks */,
				E6BCEC8518F473CA0045C101 /* CopyFiles */,
			);
			buildRules = (
			);
			dependencies = (
				E6B45FAF1909D75A0045B249 /* PBXTargetDependency */,
			);
			name = frames;
			productName = frames;
			productReference = E6BCEC8718F473CA0045C101 /* frames */;
			productType = "com.apple.product-type.tool";
		};
/* End PBXNativeTarget section */

/* Begin PBXProject section */
		E6BCEC7F18F473CA0045C101 /* Project object */ = {
			isa = PBXProject;
			attributes = {
				LastUpgradeCheck = 0710;
				ORGANIZATIONNAME = "Twitter, Inc";
			};
			buildConfigurationList = E6BCEC8218F473CA0045C101 /* Build configuration list for PBXProject "frames" */;
			compatibilityVersion = "Xcode 3.2";
			developmentRegion = English;
			hasScannedForEncodings = 0;
			knownRegions = (
				en,
			);
			mainGroup = E6BCEC7E18F473CA0045C101;
			productRefGroup = E6BCEC8818F473CA0045C101 /* products */;
			projectDirPath = "";
			projectReferences = (
				{
					ProductGroup = E6B45F981909D7510045B249 /* Products */;
					ProjectRef = E6B45F971909D7510045B249 /* vireo.xcodeproj */;
				},
			);
			projectRoot = "";
			targets = (
				E6BCEC8618F473CA0045C101 /* frames */,
			);
		};
/* End PBXProject section */

/* Begin PBXReferenceProxy section */
		E6B45FA31909D7510045B249 /* libvireo.a */ = {
			isa = PBXReferenceProxy;
			fileType = archive.ar;
			path = libvireo.a;
			remoteRef = E6B45FA21909D7510045B249 /* PBXContainerItemProxy */;
			sourceTree = BUILT_PRODUCTS_DIR;
		};
		E6B45FA71909D7510045B249 /* libvireo-scala.dylib */ = {
			isa = PBXReferenceProxy;
			fileType = "compiled.mach-o.dylib";
			path = "libvireo-scala.dylib";
			remoteRef = E6B45FA61909D7510045B249 /* PBXContainerItemProxy */;
			sourceTree = BUILT_PRODUCTS_DIR;
		};
		E6B45FA91909D7510045B249 /* vireo Tests.xctest */ = {
			isa = PBXReferenceProxy;
			fileType = wrapper.cfbundle;
			path = "vireo Tests.xctest";
			remoteRef = E6B45FA81909D7510045B249 /* PBXContainerItemProxy */;
			sourceTree = BUILT_PRODUCTS_DIR;
		};
/* End PBXReferenceProxy section */

/* Begin PBXSourcesBuildPhase section */
		E6BCEC8318F473CA0045C101 /* Sources */ = {
			isa = PBXSourcesBuildPhase;
			buildActionMask = 2147483647;
			files = (
				E6BCEC8B18F473CA0045C101 /* main.cpp in Sources */,
			);
			runOnlyForDeploymentPostprocessing = 0;
		};
/* End PBXSourcesBuildPhase section */

/* Begin PBXTargetDependency section */
		E6B45FAF1909D75A0045B249 /* PBXTargetDependency */ = {
			isa = PBXTargetDependency;
			name = vireo;
			targetProxy = E6B45FAE1909D75A0045B249 /* PBXContainerItemProxy */;
		};
/* End PBXTargetDependency section */

/* Begin XCBuildConfiguration section */
		E6BCEC8E18F473CA0045C101 /* Debug */ = {
			isa = XCBuildConfiguration;
			baseConfigurationReference = E6BCEC9A18F474900045C101 /* debug.xcconfig */;
			buildSettings = {
				SDKROOT = macosx;
				USER_HEADER_SEARCH_PATHS = "$SRCROOT $SRCROOT/../../.. $SRCROOT/../../../thirdparty/include";
			};
			name = Debug;
		};
		E6BCEC8F18F473CA0045C101 /* Release */ = {
			isa = XCBuildConfiguration;
			baseConfigurationReference = E6BCEC9B18F474900045C101 /* release.xcconfig */;
			buildSettings = {
				SDKROOT = macosx;
				USER_HEADER_SEARCH_PATHS = "$SRCROOT $SRCROOT/../../.. $SRCROOT/../../../thirdparty/include";
			};
			name = Release;
		};
		E6BCEC9118F473CA0045C101 /* Debug */ = {
			isa = XCBuildConfiguration;
			buildSettings = {
				PRODUCT_NAME = "$(TARGET_NAME)";
			};
			name = Debug;
		};
		E6BCEC9218F473CA0045C101 /* Release */ = {
			isa = XCBuildConfiguration;
			buildSettings = {
				DEAD_CODE_STRIPPING = YES;
				DEPLOYMENT_POSTPROCESSING = YES;
				PRODUCT_NAME = "$(TARGET_NAME)";
			};
			name = Release;
		};
/* End XCBuildConfiguration section */

/* Begin XCConfigurationList section */
		E6BCEC8218F473CA0045C101 /* Build configuration list for PBXProject "frames" */ = {
			isa = XCConfigurationList;
			buildConfigurations = (
				E6BCEC8E18F473CA0045C101 /* Debug */,
				E6BCEC8F18F473CA0045C101 /* Release */,
			);
			defaultConfigurationIsVisible = 0;
			defaultConfigurationName = Release;
		};
		E6BCEC9018F473CA0045C101 /* Build configuration list for PBXNativeTarget "frames" */ = {
			isa = XCConfigurationList;
			buildConfigurations = (
				E6BCEC9118F473CA0045C101 /* Debug */,
				E6BCEC9218F473CA0045C101 /* Release */,
			);
			defaultConfigurationIsVisible = 0;
			defaultConfigurationName = Release;
		};
/* End XCConfigurationList section */
	};
	rootObject = E6BCEC7F18F473CA0045C101 /* Project object */;
}
